// !$*UTF8*$!
{
	archiveVersion = 1;
	classes = {
	};
	objectVersion = 50;
	objects = {

/* Begin PBXBuildFile section */
		4491A42A2630EF9600C1C3B0 /* lifecounterApp.swift in Sources */ = {isa = PBXBuildFile; fileRef = 4491A4292630EF9600C1C3B0 /* lifecounterApp.swift */; };
		4491A42C2630EF9600C1C3B0 /* ContentView.swift in Sources */ = {isa = PBXBuildFile; fileRef = 4491A42B2630EF9600C1C3B0 /* ContentView.swift */; };
		4491A42E2630EF9A00C1C3B0 /* Assets.xcassets in Resources */ = {isa = PBXBuildFile; fileRef = 4491A42D2630EF9A00C1C3B0 /* Assets.xcassets */; };
		4491A4312630EF9A00C1C3B0 /* Preview Assets.xcassets in Resources */ = {isa = PBXBuildFile; fileRef = 4491A4302630EF9A00C1C3B0 /* Preview Assets.xcassets */; };
		4491A43C2630EF9B00C1C3B0 /* lifecounterTests.swift in Sources */ = {isa = PBXBuildFile; fileRef = 4491A43B2630EF9B00C1C3B0 /* lifecounterTests.swift */; };
		4491A4472630EF9B00C1C3B0 /* lifecounterUITests.swift in Sources */ = {isa = PBXBuildFile; fileRef = 4491A4462630EF9B00C1C3B0 /* lifecounterUITests.swift */; };
		4491A45B2630F3DF00C1C3B0 /* PlayerView.swift in Sources */ = {isa = PBXBuildFile; fileRef = 4491A45A2630F3DF00C1C3B0 /* PlayerView.swift */; };
/* End PBXBuildFile section */

/* Begin PBXContainerItemProxy section */
		4491A4382630EF9B00C1C3B0 /* PBXContainerItemProxy */ = {
			isa = PBXContainerItemProxy;
			containerPortal = 4491A41E2630EF9600C1C3B0 /* Project object */;
			proxyType = 1;
			remoteGlobalIDString = 4491A4252630EF9600C1C3B0;
			remoteInfo = lifecounter;
		};
		4491A4432630EF9B00C1C3B0 /* PBXContainerItemProxy */ = {
			isa = PBXContainerItemProxy;
			containerPortal = 4491A41E2630EF9600C1C3B0 /* Project object */;
			proxyType = 1;
			remoteGlobalIDString = 4491A4252630EF9600C1C3B0;
			remoteInfo = lifecounter;
		};
/* End PBXContainerItemProxy section */

/* Begin PBXFileReference section */
		4491A4262630EF9600C1C3B0 /* lifecounter.app */ = {isa = PBXFileReference; explicitFileType = wrapper.application; includeInIndex = 0; path = lifecounter.app; sourceTree = BUILT_PRODUCTS_DIR; };
		4491A4292630EF9600C1C3B0 /* lifecounterApp.swift */ = {isa = PBXFileReference; lastKnownFileType = sourcecode.swift; path = lifecounterApp.swift; sourceTree = "<group>"; };
		4491A42B2630EF9600C1C3B0 /* ContentView.swift */ = {isa = PBXFileReference; lastKnownFileType = sourcecode.swift; path = ContentView.swift; sourceTree = "<group>"; };
		4491A42D2630EF9A00C1C3B0 /* Assets.xcassets */ = {isa = PBXFileReference; lastKnownFileType = folder.assetcatalog; path = Assets.xcassets; sourceTree = "<group>"; };
		4491A4302630EF9A00C1C3B0 /* Preview Assets.xcassets */ = {isa = PBXFileReference; lastKnownFileType = folder.assetcatalog; path = "Preview Assets.xcassets"; sourceTree = "<group>"; };
		4491A4322630EF9A00C1C3B0 /* Info.plist */ = {isa = PBXFileReference; lastKnownFileType = text.plist.xml; path = Info.plist; sourceTree = "<group>"; };
		4491A4372630EF9B00C1C3B0 /* lifecounterTests.xctest */ = {isa = PBXFileReference; explicitFileType = wrapper.cfbundle; includeInIndex = 0; path = lifecounterTests.xctest; sourceTree = BUILT_PRODUCTS_DIR; };
		4491A43B2630EF9B00C1C3B0 /* lifecounterTests.swift */ = {isa = PBXFileReference; lastKnownFileType = sourcecode.swift; path = lifecounterTests.swift; sourceTree = "<group>"; };
		4491A43D2630EF9B00C1C3B0 /* Info.plist */ = {isa = PBXFileReference; lastKnownFileType = text.plist.xml; path = Info.plist; sourceTree = "<group>"; };
		4491A4422630EF9B00C1C3B0 /* lifecounterUITests.xctest */ = {isa = PBXFileReference; explicitFileType = wrapper.cfbundle; includeInIndex = 0; path = lifecounterUITests.xctest; sourceTree = BUILT_PRODUCTS_DIR; };
		4491A4462630EF9B00C1C3B0 /* lifecounterUITests.swift */ = {isa = PBXFileReference; lastKnownFileType = sourcecode.swift; path = lifecounterUITests.swift; sourceTree = "<group>"; };
		4491A4482630EF9B00C1C3B0 /* Info.plist */ = {isa = PBXFileReference; lastKnownFileType = text.plist.xml; path = Info.plist; sourceTree = "<group>"; };
		4491A45A2630F3DF00C1C3B0 /* PlayerView.swift */ = {isa = PBXFileReference; lastKnownFileType = sourcecode.swift; path = PlayerView.swift; sourceTree = "<group>"; };
/* End PBXFileReference section */

/* Begin PBXFrameworksBuildPhase section */
		4491A4232630EF9600C1C3B0 /* Frameworks */ = {
			isa = PBXFrameworksBuildPhase;
			buildActionMask = 2147483647;
			files = (
			);
			runOnlyForDeploymentPostprocessing = 0;
		};
		4491A4342630EF9B00C1C3B0 /* Frameworks */ = {
			isa = PBXFrameworksBuildPhase;
			buildActionMask = 2147483647;
			files = (
			);
			runOnlyForDeploymentPostprocessing = 0;
		};
		4491A43F2630EF9B00C1C3B0 /* Frameworks */ = {
			isa = PBXFrameworksBuildPhase;
			buildActionMask = 2147483647;
			files = (
			);
			runOnlyForDeploymentPostprocessing = 0;
		};
/* End PBXFrameworksBuildPhase section */

/* Begin PBXGroup section */
		4491A41D2630EF9600C1C3B0 = {
			isa = PBXGroup;
			children = (
				4491A4282630EF9600C1C3B0 /* lifecounter */,
				4491A43A2630EF9B00C1C3B0 /* lifecounterTests */,
				4491A4452630EF9B00C1C3B0 /* lifecounterUITests */,
				4491A4272630EF9600C1C3B0 /* Products */,
			);
			sourceTree = "<group>";
		};
		4491A4272630EF9600C1C3B0 /* Products */ = {
			isa = PBXGroup;
			children = (
				4491A4262630EF9600C1C3B0 /* lifecounter.app */,
				4491A4372630EF9B00C1C3B0 /* lifecounterTests.xctest */,
				4491A4422630EF9B00C1C3B0 /* lifecounterUITests.xctest */,
			);
			name = Products;
			sourceTree = "<group>";
		};
		4491A4282630EF9600C1C3B0 /* lifecounter */ = {
			isa = PBXGroup;
			children = (
				4491A4292630EF9600C1C3B0 /* lifecounterApp.swift */,
				4491A42B2630EF9600C1C3B0 /* ContentView.swift */,
				4491A45A2630F3DF00C1C3B0 /* PlayerView.swift */,
				4491A42D2630EF9A00C1C3B0 /* Assets.xcassets */,
				4491A4322630EF9A00C1C3B0 /* Info.plist */,
				4491A42F2630EF9A00C1C3B0 /* Preview Content */,
			);
			path = lifecounter;
			sourceTree = "<group>";
		};
		4491A42F2630EF9A00C1C3B0 /* Preview Content */ = {
			isa = PBXGroup;
			children = (
				4491A4302630EF9A00C1C3B0 /* Preview Assets.xcassets */,
			);
			path = "Preview Content";
			sourceTree = "<group>";
		};
		4491A43A2630EF9B00C1C3B0 /* lifecounterTests */ = {
			isa = PBXGroup;
			children = (
				4491A43B2630EF9B00C1C3B0 /* lifecounterTests.swift */,
				4491A43D2630EF9B00C1C3B0 /* Info.plist */,
			);
			path = lifecounterTests;
			sourceTree = "<group>";
		};
		4491A4452630EF9B00C1C3B0 /* lifecounterUITests */ = {
			isa = PBXGroup;
			children = (
				4491A4462630EF9B00C1C3B0 /* lifecounterUITests.swift */,
				4491A4482630EF9B00C1C3B0 /* Info.plist */,
			);
			path = lifecounterUITests;
			sourceTree = "<group>";
		};
/* End PBXGroup section */

/* Begin PBXNativeTarget section */
		4491A4252630EF9600C1C3B0 /* lifecounter */ = {
			isa = PBXNativeTarget;
			buildConfigurationList = 4491A44B2630EF9B00C1C3B0 /* Build configuration list for PBXNativeTarget "lifecounter" */;
			buildPhases = (
				4491A4222630EF9600C1C3B0 /* Sources */,
				4491A4232630EF9600C1C3B0 /* Frameworks */,
				4491A4242630EF9600C1C3B0 /* Resources */,
			);
			buildRules = (
			);
			dependencies = (
			);
			name = lifecounter;
			productName = lifecounter;
			productReference = 4491A4262630EF9600C1C3B0 /* lifecounter.app */;
			productType = "com.apple.product-type.application";
		};
		4491A4362630EF9B00C1C3B0 /* lifecounterTests */ = {
			isa = PBXNativeTarget;
			buildConfigurationList = 4491A44E2630EF9B00C1C3B0 /* Build configuration list for PBXNativeTarget "lifecounterTests" */;
			buildPhases = (
				4491A4332630EF9B00C1C3B0 /* Sources */,
				4491A4342630EF9B00C1C3B0 /* Frameworks */,
				4491A4352630EF9B00C1C3B0 /* Resources */,
			);
			buildRules = (
			);
			dependencies = (
				4491A4392630EF9B00C1C3B0 /* PBXTargetDependency */,
			);
			name = lifecounterTests;
			productName = lifecounterTests;
			productReference = 4491A4372630EF9B00C1C3B0 /* lifecounterTests.xctest */;
			productType = "com.apple.product-type.bundle.unit-test";
		};
		4491A4412630EF9B00C1C3B0 /* lifecounterUITests */ = {
			isa = PBXNativeTarget;
			buildConfigurationList = 4491A4512630EF9B00C1C3B0 /* Build configuration list for PBXNativeTarget "lifecounterUITests" */;
			buildPhases = (
				4491A43E2630EF9B00C1C3B0 /* Sources */,
				4491A43F2630EF9B00C1C3B0 /* Frameworks */,
				4491A4402630EF9B00C1C3B0 /* Resources */,
			);
			buildRules = (
			);
			dependencies = (
				4491A4442630EF9B00C1C3B0 /* PBXTargetDependency */,
			);
			name = lifecounterUITests;
			productName = lifecounterUITests;
			productReference = 4491A4422630EF9B00C1C3B0 /* lifecounterUITests.xctest */;
			productType = "com.apple.product-type.bundle.ui-testing";
		};
/* End PBXNativeTarget section */

/* Begin PBXProject section */
		4491A41E2630EF9600C1C3B0 /* Project object */ = {
			isa = PBXProject;
			attributes = {
				LastSwiftUpdateCheck = 1240;
				LastUpgradeCheck = 1240;
				TargetAttributes = {
					4491A4252630EF9600C1C3B0 = {
						CreatedOnToolsVersion = 12.4;
					};
					4491A4362630EF9B00C1C3B0 = {
						CreatedOnToolsVersion = 12.4;
						TestTargetID = 4491A4252630EF9600C1C3B0;
					};
					4491A4412630EF9B00C1C3B0 = {
						CreatedOnToolsVersion = 12.4;
						TestTargetID = 4491A4252630EF9600C1C3B0;
					};
				};
			};
			buildConfigurationList = 4491A4212630EF9600C1C3B0 /* Build configuration list for PBXProject "lifecounter" */;
			compatibilityVersion = "Xcode 9.3";
			developmentRegion = en;
			hasScannedForEncodings = 0;
			knownRegions = (
				en,
				Base,
			);
			mainGroup = 4491A41D2630EF9600C1C3B0;
			productRefGroup = 4491A4272630EF9600C1C3B0 /* Products */;
			projectDirPath = "";
			projectRoot = "";
			targets = (
				4491A4252630EF9600C1C3B0 /* lifecounter */,
				4491A4362630EF9B00C1C3B0 /* lifecounterTests */,
				4491A4412630EF9B00C1C3B0 /* lifecounterUITests */,
			);
		};
/* End PBXProject section */

/* Begin PBXResourcesBuildPhase section */
		4491A4242630EF9600C1C3B0 /* Resources */ = {
			isa = PBXResourcesBuildPhase;
			buildActionMask = 2147483647;
			files = (
				4491A4312630EF9A00C1C3B0 /* Preview Assets.xcassets in Resources */,
				4491A42E2630EF9A00C1C3B0 /* Assets.xcassets in Resources */,
			);
			runOnlyForDeploymentPostprocessing = 0;
		};
		4491A4352630EF9B00C1C3B0 /* Resources */ = {
			isa = PBXResourcesBuildPhase;
			buildActionMask = 2147483647;
			files = (
			);
			runOnlyForDeploymentPostprocessing = 0;
		};
		4491A4402630EF9B00C1C3B0 /* Resources */ = {
			isa = PBXResourcesBuildPhase;
			buildActionMask = 2147483647;
			files = (
			);
			runOnlyForDeploymentPostprocessing = 0;
		};
/* End PBXResourcesBuildPhase section */

/* Begin PBXSourcesBuildPhase section */
		4491A4222630EF9600C1C3B0 /* Sources */ = {
			isa = PBXSourcesBuildPhase;
			buildActionMask = 2147483647;
			files = (
				4491A45B2630F3DF00C1C3B0 /* PlayerView.swift in Sources */,
				4491A42C2630EF9600C1C3B0 /* ContentView.swift in Sources */,
				4491A42A2630EF9600C1C3B0 /* lifecounterApp.swift in Sources */,
			);
			runOnlyForDeploymentPostprocessing = 0;
		};
		4491A4332630EF9B00C1C3B0 /* Sources */ = {
			isa = PBXSourcesBuildPhase;
			buildActionMask = 2147483647;
			files = (
				4491A43C2630EF9B00C1C3B0 /* lifecounterTests.swift in Sources */,
			);
			runOnlyForDeploymentPostprocessing = 0;
		};
		4491A43E2630EF9B00C1C3B0 /* Sources */ = {
			isa = PBXSourcesBuildPhase;
			buildActionMask = 2147483647;
			files = (
				4491A4472630EF9B00C1C3B0 /* lifecounterUITests.swift in Sources */,
			);
			runOnlyForDeploymentPostprocessing = 0;
		};
/* End PBXSourcesBuildPhase section */

/* Begin PBXTargetDependency section */
		4491A4392630EF9B00C1C3B0 /* PBXTargetDependency */ = {
			isa = PBXTargetDependency;
			target = 4491A4252630EF9600C1C3B0 /* lifecounter */;
			targetProxy = 4491A4382630EF9B00C1C3B0 /* PBXContainerItemProxy */;
		};
		4491A4442630EF9B00C1C3B0 /* PBXTargetDependency */ = {
			isa = PBXTargetDependency;
			target = 4491A4252630EF9600C1C3B0 /* lifecounter */;
			targetProxy = 4491A4432630EF9B00C1C3B0 /* PBXContainerItemProxy */;
		};
/* End PBXTargetDependency section */

/* Begin XCBuildConfiguration section */
		4491A4492630EF9B00C1C3B0 /* Debug */ = {
			isa = XCBuildConfiguration;
			buildSettings = {
				ALWAYS_SEARCH_USER_PATHS = NO;
				CLANG_ANALYZER_NONNULL = YES;
				CLANG_ANALYZER_NUMBER_OBJECT_CONVERSION = YES_AGGRESSIVE;
				CLANG_CXX_LANGUAGE_STANDARD = "gnu++14";
				CLANG_CXX_LIBRARY = "libc++";
				CLANG_ENABLE_MODULES = YES;
				CLANG_ENABLE_OBJC_ARC = YES;
				CLANG_ENABLE_OBJC_WEAK = YES;
				CLANG_WARN_BLOCK_CAPTURE_AUTORELEASING = YES;
				CLANG_WARN_BOOL_CONVERSION = YES;
				CLANG_WARN_COMMA = YES;
				CLANG_WARN_CONSTANT_CONVERSION = YES;
				CLANG_WARN_DEPRECATED_OBJC_IMPLEMENTATIONS = YES;
				CLANG_WARN_DIRECT_OBJC_ISA_USAGE = YES_ERROR;
				CLANG_WARN_DOCUMENTATION_COMMENTS = YES;
				CLANG_WARN_EMPTY_BODY = YES;
				CLANG_WARN_ENUM_CONVERSION = YES;
				CLANG_WARN_INFINITE_RECURSION = YES;
				CLANG_WARN_INT_CONVERSION = YES;
				CLANG_WARN_NON_LITERAL_NULL_CONVERSION = YES;
				CLANG_WARN_OBJC_IMPLICIT_RETAIN_SELF = YES;
				CLANG_WARN_OBJC_LITERAL_CONVERSION = YES;
				CLANG_WARN_OBJC_ROOT_CLASS = YES_ERROR;
				CLANG_WARN_QUOTED_INCLUDE_IN_FRAMEWORK_HEADER = YES;
				CLANG_WARN_RANGE_LOOP_ANALYSIS = YES;
				CLANG_WARN_STRICT_PROTOTYPES = YES;
				CLANG_WARN_SUSPICIOUS_MOVE = YES;
				CLANG_WARN_UNGUARDED_AVAILABILITY = YES_AGGRESSIVE;
				CLANG_WARN_UNREACHABLE_CODE = YES;
				CLANG_WARN__DUPLICATE_METHOD_MATCH = YES;
				COPY_PHASE_STRIP = NO;
				DEBUG_INFORMATION_FORMAT = dwarf;
				ENABLE_STRICT_OBJC_MSGSEND = YES;
				ENABLE_TESTABILITY = YES;
				GCC_C_LANGUAGE_STANDARD = gnu11;
				GCC_DYNAMIC_NO_PIC = NO;
				GCC_NO_COMMON_BLOCKS = YES;
				GCC_OPTIMIZATION_LEVEL = 0;
				GCC_PREPROCESSOR_DEFINITIONS = (
					"DEBUG=1",
					"$(inherited)",
				);
				GCC_WARN_64_TO_32_BIT_CONVERSION = YES;
				GCC_WARN_ABOUT_RETURN_TYPE = YES_ERROR;
				GCC_WARN_UNDECLARED_SELECTOR = YES;
				GCC_WARN_UNINITIALIZED_AUTOS = YES_AGGRESSIVE;
				GCC_WARN_UNUSED_FUNCTION = YES;
				GCC_WARN_UNUSED_VARIABLE = YES;
				IPHONEOS_DEPLOYMENT_TARGET = 14.4;
				MTL_ENABLE_DEBUG_INFO = INCLUDE_SOURCE;
				MTL_FAST_MATH = YES;
				ONLY_ACTIVE_ARCH = YES;
				SDKROOT = iphoneos;
				SWIFT_ACTIVE_COMPILATION_CONDITIONS = DEBUG;
				SWIFT_OPTIMIZATION_LEVEL = "-Onone";
			};
			name = Debug;
		};
		4491A44A2630EF9B00C1C3B0 /* Release */ = {
			isa = XCBuildConfiguration;
			buildSettings = {
				ALWAYS_SEARCH_USER_PATHS = NO;
				CLANG_ANALYZER_NONNULL = YES;
				CLANG_ANALYZER_NUMBER_OBJECT_CONVERSION = YES_AGGRESSIVE;
				CLANG_CXX_LANGUAGE_STANDARD = "gnu++14";
				CLANG_CXX_LIBRARY = "libc++";
				CLANG_ENABLE_MODULES = YES;
				CLANG_ENABLE_OBJC_ARC = YES;
				CLANG_ENABLE_OBJC_WEAK = YES;
				CLANG_WARN_BLOCK_CAPTURE_AUTORELEASING = YES;
				CLANG_WARN_BOOL_CONVERSION = YES;
				CLANG_WARN_COMMA = YES;
				CLANG_WARN_CONSTANT_CONVERSION = YES;
				CLANG_WARN_DEPRECATED_OBJC_IMPLEMENTATIONS = YES;
				CLANG_WARN_DIRECT_OBJC_ISA_USAGE = YES_ERROR;
				CLANG_WARN_DOCUMENTATION_COMMENTS = YES;
				CLANG_WARN_EMPTY_BODY = YES;
				CLANG_WARN_ENUM_CONVERSION = YES;
				CLANG_WARN_INFINITE_RECURSION = YES;
				CLANG_WARN_INT_CONVERSION = YES;
				CLANG_WARN_NON_LITERAL_NULL_CONVERSION = YES;
				CLANG_WARN_OBJC_IMPLICIT_RETAIN_SELF = YES;
				CLANG_WARN_OBJC_LITERAL_CONVERSION = YES;
				CLANG_WARN_OBJC_ROOT_CLASS = YES_ERROR;
				CLANG_WARN_QUOTED_INCLUDE_IN_FRAMEWORK_HEADER = YES;
				CLANG_WARN_RANGE_LOOP_ANALYSIS = YES;
				CLANG_WARN_STRICT_PROTOTYPES = YES;
				CLANG_WARN_SUSPICIOUS_MOVE = YES;
				CLANG_WARN_UNGUARDED_AVAILABILITY = YES_AGGRESSIVE;
				CLANG_WARN_UNREACHABLE_CODE = YES;
				CLANG_WARN__DUPLICATE_METHOD_MATCH = YES;
				COPY_PHASE_STRIP = NO;
				DEBUG_INFORMATION_FORMAT = "dwarf-with-dsym";
				ENABLE_NS_ASSERTIONS = NO;
				ENABLE_STRICT_OBJC_MSGSEND = YES;
				GCC_C_LANGUAGE_STANDARD = gnu11;
				GCC_NO_COMMON_BLOCKS = YES;
				GCC_WARN_64_TO_32_BIT_CONVERSION = YES;
				GCC_WARN_ABOUT_RETURN_TYPE = YES_ERROR;
				GCC_WARN_UNDECLARED_SELECTOR = YES;
				GCC_WARN_UNINITIALIZED_AUTOS = YES_AGGRESSIVE;
				GCC_WARN_UNUSED_FUNCTION = YES;
				GCC_WARN_UNUSED_VARIABLE = YES;
				IPHONEOS_DEPLOYMENT_TARGET = 14.4;
				MTL_ENABLE_DEBUG_INFO = NO;
				MTL_FAST_MATH = YES;
				SDKROOT = iphoneos;
				SWIFT_COMPILATION_MODE = wholemodule;
				SWIFT_OPTIMIZATION_LEVEL = "-O";
				VALIDATE_PRODUCT = YES;
			};
			name = Release;
		};
		4491A44C2630EF9B00C1C3B0 /* Debug */ = {
			isa = XCBuildConfiguration;
			buildSettings = {
				ASSETCATALOG_COMPILER_APPICON_NAME = AppIcon;
				ASSETCATALOG_COMPILER_GLOBAL_ACCENT_COLOR_NAME = AccentColor;
				CODE_SIGN_STYLE = Automatic;
				DEVELOPMENT_ASSET_PATHS = "\"lifecounter/Preview Content\"";
				DEVELOPMENT_TEAM = 3D4M72DNVB;
				ENABLE_PREVIEWS = YES;
				INFOPLIST_FILE = lifecounter/Info.plist;
				IPHONEOS_DEPLOYMENT_TARGET = 14.0;
				LD_RUNPATH_SEARCH_PATHS = (
					"$(inherited)",
					"@executable_path/Frameworks",
				);
				PRODUCT_BUNDLE_IDENTIFIER = com.calvem.lifecounter;
				PRODUCT_NAME = "$(TARGET_NAME)";
				SWIFT_VERSION = 5.0;
				TARGETED_DEVICE_FAMILY = "1,2";
			};
			name = Debug;
		};
		4491A44D2630EF9B00C1C3B0 /* Release */ = {
			isa = XCBuildConfiguration;
			buildSettings = {
				ASSETCATALOG_COMPILER_APPICON_NAME = AppIcon;
				ASSETCATALOG_COMPILER_GLOBAL_ACCENT_COLOR_NAME = AccentColor;
				CODE_SIGN_STYLE = Automatic;
				DEVELOPMENT_ASSET_PATHS = "\"lifecounter/Preview Content\"";
				DEVELOPMENT_TEAM = 3D4M72DNVB;
				ENABLE_PREVIEWS = YES;
				INFOPLIST_FILE = lifecounter/Info.plist;
				IPHONEOS_DEPLOYMENT_TARGET = 14.0;
				LD_RUNPATH_SEARCH_PATHS = (
					"$(inherited)",
					"@executable_path/Frameworks",
				);
				PRODUCT_BUNDLE_IDENTIFIER = com.calvem.lifecounter;
				PRODUCT_NAME = "$(TARGET_NAME)";
				SWIFT_VERSION = 5.0;
				TARGETED_DEVICE_FAMILY = "1,2";
			};
			name = Release;
		};
		4491A44F2630EF9B00C1C3B0 /* Debug */ = {
			isa = XCBuildConfiguration;
			buildSettings = {
				ALWAYS_EMBED_SWIFT_STANDARD_LIBRARIES = YES;
				BUNDLE_LOADER = "$(TEST_HOST)";
				CODE_SIGN_STYLE = Automatic;
				INFOPLIST_FILE = lifecounterTests/Info.plist;
				IPHONEOS_DEPLOYMENT_TARGET = 14.0;
				LD_RUNPATH_SEARCH_PATHS = (
					"$(inherited)",
					"@executable_path/Frameworks",
					"@loader_path/Frameworks",
				);
				PRODUCT_BUNDLE_IDENTIFIER = com.example.lifecounterTests;
				PRODUCT_NAME = "$(TARGET_NAME)";
				SWIFT_VERSION = 5.0;
				TARGETED_DEVICE_FAMILY = "1,2";
				TEST_HOST = "$(BUILT_PRODUCTS_DIR)/lifecounter.app/lifecounter";
			};
			name = Debug;
		};
		4491A4502630EF9B00C1C3B0 /* Release */ = {
			isa = XCBuildConfiguration;
			buildSettings = {
				ALWAYS_EMBED_SWIFT_STANDARD_LIBRARIES = YES;
				BUNDLE_LOADER = "$(TEST_HOST)";
				CODE_SIGN_STYLE = Automatic;
				INFOPLIST_FILE = lifecounterTests/Info.plist;
				IPHONEOS_DEPLOYMENT_TARGET = 14.0;
				LD_RUNPATH_SEARCH_PATHS = (
					"$(inherited)",
					"@executable_path/Frameworks",
					"@loader_path/Frameworks",
				);
				PRODUCT_BUNDLE_IDENTIFIER = com.example.lifecounterTests;
				PRODUCT_NAME = "$(TARGET_NAME)";
				SWIFT_VERSION = 5.0;
				TARGETED_DEVICE_FAMILY = "1,2";
				TEST_HOST = "$(BUILT_PRODUCTS_DIR)/lifecounter.app/lifecounter";
			};
			name = Release;
		};
		4491A4522630EF9B00C1C3B0 /* Debug */ = {
			isa = XCBuildConfiguration;
			buildSettings = {
				ALWAYS_EMBED_SWIFT_STANDARD_LIBRARIES = YES;
				CODE_SIGN_STYLE = Automatic;
				INFOPLIST_FILE = lifecounterUITests/Info.plist;
				LD_RUNPATH_SEARCH_PATHS = (
					"$(inherited)",
					"@executable_path/Frameworks",
					"@loader_path/Frameworks",
				);
				PRODUCT_BUNDLE_IDENTIFIER = com.example.lifecounterUITests;
				PRODUCT_NAME = "$(TARGET_NAME)";
				SWIFT_VERSION = 5.0;
				TARGETED_DEVICE_FAMILY = "1,2";
				TEST_TARGET_NAME = lifecounter;
			};
			name = Debug;
		};
		4491A4532630EF9B00C1C3B0 /* Release */ = {
			isa = XCBuildConfiguration;
			buildSettings = {
				ALWAYS_EMBED_SWIFT_STANDARD_LIBRARIES = YES;
				CODE_SIGN_STYLE = Automatic;
				INFOPLIST_FILE = lifecounterUITests/Info.plist;
				LD_RUNPATH_SEARCH_PATHS = (
					"$(inherited)",
					"@executable_path/Frameworks",
					"@loader_path/Frameworks",
				);
				PRODUCT_BUNDLE_IDENTIFIER = com.example.lifecounterUITests;
				PRODUCT_NAME = "$(TARGET_NAME)";
				SWIFT_VERSION = 5.0;
				TARGETED_DEVICE_FAMILY = "1,2";
				TEST_TARGET_NAME = lifecounter;
			};
			name = Release;
		};
/* End XCBuildConfiguration section */

/* Begin XCConfigurationList section */
		4491A4212630EF9600C1C3B0 /* Build configuration list for PBXProject "lifecounter" */ = {
			isa = XCConfigurationList;
			buildConfigurations = (
				4491A4492630EF9B00C1C3B0 /* Debug */,
				4491A44A2630EF9B00C1C3B0 /* Release */,
			);
			defaultConfigurationIsVisible = 0;
			defaultConfigurationName = Release;
		};
		4491A44B2630EF9B00C1C3B0 /* Build configuration list for PBXNativeTarget "lifecounter" */ = {
			isa = XCConfigurationList;
			buildConfigurations = (
				4491A44C2630EF9B00C1C3B0 /* Debug */,
				4491A44D2630EF9B00C1C3B0 /* Release */,
			);
			defaultConfigurationIsVisible = 0;
			defaultConfigurationName = Release;
		};
		4491A44E2630EF9B00C1C3B0 /* Build configuration list for PBXNativeTarget "lifecounterTests" */ = {
			isa = XCConfigurationList;
			buildConfigurations = (
				4491A44F2630EF9B00C1C3B0 /* Debug */,
				4491A4502630EF9B00C1C3B0 /* Release */,
			);
			defaultConfigurationIsVisible = 0;
			defaultConfigurationName = Release;
		};
		4491A4512630EF9B00C1C3B0 /* Build configuration list for PBXNativeTarget "lifecounterUITests" */ = {
			isa = XCConfigurationList;
			buildConfigurations = (
				4491A4522630EF9B00C1C3B0 /* Debug */,
				4491A4532630EF9B00C1C3B0 /* Release */,
			);
			defaultConfigurationIsVisible = 0;
			defaultConfigurationName = Release;
		};
/* End XCConfigurationList section */
	};
	rootObject = 4491A41E2630EF9600C1C3B0 /* Project object */;
}
